// !$*UTF8*$!
{
	archiveVersion = 1;
	classes = {
	};
	objectVersion = 46;
	objects = {

/* Begin PBXBuildFile section */
		4DB23F161F1EEA8D00FA6BB6 /* main.m in Sources */ = {isa = PBXBuildFile; fileRef = 4DB23F151F1EEA8D00FA6BB6 /* main.m */; };
		4DB23F191F1EEA8D00FA6BB6 /* AppDelegate.m in Sources */ = {isa = PBXBuildFile; fileRef = 4DB23F181F1EEA8D00FA6BB6 /* AppDelegate.m */; };
		4DB23F1C1F1EEA8D00FA6BB6 /* ViewController.m in Sources */ = {isa = PBXBuildFile; fileRef = 4DB23F1B1F1EEA8D00FA6BB6 /* ViewController.m */; };
		4DB23F1F1F1EEA8D00FA6BB6 /* Main.storyboard in Resources */ = {isa = PBXBuildFile; fileRef = 4DB23F1D1F1EEA8D00FA6BB6 /* Main.storyboard */; };
		4DB23F211F1EEA8D00FA6BB6 /* Assets.xcassets in Resources */ = {isa = PBXBuildFile; fileRef = 4DB23F201F1EEA8D00FA6BB6 /* Assets.xcassets */; };
		4DB23F241F1EEA8D00FA6BB6 /* LaunchScreen.storyboard in Resources */ = {isa = PBXBuildFile; fileRef = 4DB23F221F1EEA8D00FA6BB6 /* LaunchScreen.storyboard */; };
		4DB23F2E1F1EEAB600FA6BB6 /* JDHookCode.m in Sources */ = {isa = PBXBuildFile; fileRef = 4DB23F2D1F1EEAB600FA6BB6 /* JDHookCode.m */; };
/* End PBXBuildFile section */

/* Begin PBXFileReference section */
		4DB23F111F1EEA8D00FA6BB6 /* HookSystemCode.app */ = {isa = PBXFileReference; explicitFileType = wrapper.application; includeInIndex = 0; path = HookSystemCode.app; sourceTree = BUILT_PRODUCTS_DIR; };
		4DB23F151F1EEA8D00FA6BB6 /* main.m */ = {isa = PBXFileReference; lastKnownFileType = sourcecode.c.objc; path = main.m; sourceTree = "<group>"; };
		4DB23F171F1EEA8D00FA6BB6 /* AppDelegate.h */ = {isa = PBXFileReference; lastKnownFileType = sourcecode.c.h; path = AppDelegate.h; sourceTree = "<group>"; };
		4DB23F181F1EEA8D00FA6BB6 /* AppDelegate.m */ = {isa = PBXFileReference; lastKnownFileType = sourcecode.c.objc; path = AppDelegate.m; sourceTree = "<group>"; };
		4DB23F1A1F1EEA8D00FA6BB6 /* ViewController.h */ = {isa = PBXFileReference; lastKnownFileType = sourcecode.c.h; path = ViewController.h; sourceTree = "<group>"; };
		4DB23F1B1F1EEA8D00FA6BB6 /* ViewController.m */ = {isa = PBXFileReference; lastKnownFileType = sourcecode.c.objc; path = ViewController.m; sourceTree = "<group>"; };
		4DB23F1E1F1EEA8D00FA6BB6 /* Base */ = {isa = PBXFileReference; lastKnownFileType = file.storyboard; name = Base; path = Base.lproj/Main.storyboard; sourceTree = "<group>"; };
		4DB23F201F1EEA8D00FA6BB6 /* Assets.xcassets */ = {isa = PBXFileReference; lastKnownFileType = folder.assetcatalog; path = Assets.xcassets; sourceTree = "<group>"; };
		4DB23F231F1EEA8D00FA6BB6 /* Base */ = {isa = PBXFileReference; lastKnownFileType = file.storyboard; name = Base; path = Base.lproj/LaunchScreen.storyboard; sourceTree = "<group>"; };
		4DB23F251F1EEA8D00FA6BB6 /* Info.plist */ = {isa = PBXFileReference; lastKnownFileType = text.plist.xml; path = Info.plist; sourceTree = "<group>"; };
		4DB23F2C1F1EEAB600FA6BB6 /* JDHookCode.h */ = {isa = PBXFileReference; fileEncoding = 4; lastKnownFileType = sourcecode.c.h; path = JDHookCode.h; sourceTree = "<group>"; };
		4DB23F2D1F1EEAB600FA6BB6 /* JDHookCode.m */ = {isa = PBXFileReference; fileEncoding = 4; lastKnownFileType = sourcecode.c.objc; path = JDHookCode.m; sourceTree = "<group>"; };
/* End PBXFileReference section */

/* Begin PBXFrameworksBuildPhase section */
		4DB23F0E1F1EEA8D00FA6BB6 /* Frameworks */ = {
			isa = PBXFrameworksBuildPhase;
			buildActionMask = 2147483647;
			files = (
			);
			runOnlyForDeploymentPostprocessing = 0;
		};
/* End PBXFrameworksBuildPhase section */

/* Begin PBXGroup section */
		4DB23F081F1EEA8D00FA6BB6 = {
			isa = PBXGroup;
			children = (
				4DB23F131F1EEA8D00FA6BB6 /* HookSystemCode */,
				4DB23F121F1EEA8D00FA6BB6 /* Products */,
			);
			sourceTree = "<group>";
		};
		4DB23F121F1EEA8D00FA6BB6 /* Products */ = {
			isa = PBXGroup;
			children = (
				4DB23F111F1EEA8D00FA6BB6 /* HookSystemCode.app */,
			);
			name = Products;
			sourceTree = "<group>";
		};
		4DB23F131F1EEA8D00FA6BB6 /* HookSystemCode */ = {
			isa = PBXGroup;
			children = (
				4DB23F2B1F1EEA9F00FA6BB6 /* Framework */,
				4DB23F171F1EEA8D00FA6BB6 /* AppDelegate.h */,
				4DB23F181F1EEA8D00FA6BB6 /* AppDelegate.m */,
				4DB23F1A1F1EEA8D00FA6BB6 /* ViewController.h */,
				4DB23F1B1F1EEA8D00FA6BB6 /* ViewController.m */,
				4DB23F1D1F1EEA8D00FA6BB6 /* Main.storyboard */,
				4DB23F201F1EEA8D00FA6BB6 /* Assets.xcassets */,
				4DB23F221F1EEA8D00FA6BB6 /* LaunchScreen.storyboard */,
				4DB23F251F1EEA8D00FA6BB6 /* Info.plist */,
				4DB23F141F1EEA8D00FA6BB6 /* Supporting Files */,
			);
			path = HookSystemCode;
			sourceTree = "<group>";
		};
		4DB23F141F1EEA8D00FA6BB6 /* Supporting Files */ = {
			isa = PBXGroup;
			children = (
				4DB23F151F1EEA8D00FA6BB6 /* main.m */,
			);
			name = "Supporting Files";
			sourceTree = "<group>";
		};
		4DB23F2B1F1EEA9F00FA6BB6 /* Framework */ = {
			isa = PBXGroup;
			children = (
				4DB23F2C1F1EEAB600FA6BB6 /* JDHookCode.h */,
				4DB23F2D1F1EEAB600FA6BB6 /* JDHookCode.m */,
			);
			path = Framework;
			sourceTree = "<group>";
		};
/* End PBXGroup section */

/* Begin PBXNativeTarget section */
		4DB23F101F1EEA8D00FA6BB6 /* HookSystemCode */ = {
			isa = PBXNativeTarget;
			buildConfigurationList = 4DB23F281F1EEA8D00FA6BB6 /* Build configuration list for PBXNativeTarget "HookSystemCode" */;
			buildPhases = (
				4DB23F0D1F1EEA8D00FA6BB6 /* Sources */,
				4DB23F0E1F1EEA8D00FA6BB6 /* Frameworks */,
				4DB23F0F1F1EEA8D00FA6BB6 /* Resources */,
			);
			buildRules = (
			);
			dependencies = (
			);
			name = HookSystemCode;
			productName = HookSystemCode;
			productReference = 4DB23F111F1EEA8D00FA6BB6 /* HookSystemCode.app */;
			productType = "com.apple.product-type.application";
		};
/* End PBXNativeTarget section */

/* Begin PBXProject section */
		4DB23F091F1EEA8D00FA6BB6 /* Project object */ = {
			isa = PBXProject;
			attributes = {
				LastUpgradeCheck = 0830;
				ORGANIZATIONNAME = "王金东";
				TargetAttributes = {
					4DB23F101F1EEA8D00FA6BB6 = {
						CreatedOnToolsVersion = 8.3.3;
						ProvisioningStyle = Automatic;
					};
				};
			};
			buildConfigurationList = 4DB23F0C1F1EEA8D00FA6BB6 /* Build configuration list for PBXProject "HookSystemCode" */;
			compatibilityVersion = "Xcode 3.2";
			developmentRegion = English;
			hasScannedForEncodings = 0;
			knownRegions = (
				en,
				Base,
			);
			mainGroup = 4DB23F081F1EEA8D00FA6BB6;
			productRefGroup = 4DB23F121F1EEA8D00FA6BB6 /* Products */;
			projectDirPath = "";
			projectRoot = "";
			targets = (
				4DB23F101F1EEA8D00FA6BB6 /* HookSystemCode */,
			);
		};
/* End PBXProject section */

/* Begin PBXResourcesBuildPhase section */
		4DB23F0F1F1EEA8D00FA6BB6 /* Resources */ = {
			isa = PBXResourcesBuildPhase;
			buildActionMask = 2147483647;
			files = (
				4DB23F241F1EEA8D00FA6BB6 /* LaunchScreen.storyboard in Resources */,
				4DB23F211F1EEA8D00FA6BB6 /* Assets.xcassets in Resources */,
				4DB23F1F1F1EEA8D00FA6BB6 /* Main.storyboard in Resources */,
			);
			runOnlyForDeploymentPostprocessing = 0;
		};
/* End PBXResourcesBuildPhase section */

/* Begin PBXSourcesBuildPhase section */
		4DB23F0D1F1EEA8D00FA6BB6 /* Sources */ = {
			isa = PBXSourcesBuildPhase;
			buildActionMask = 2147483647;
			files = (
				4DB23F1C1F1EEA8D00FA6BB6 /* ViewController.m in Sources */,
				4DB23F2E1F1EEAB600FA6BB6 /* JDHookCode.m in Sources */,
				4DB23F191F1EEA8D00FA6BB6 /* AppDelegate.m in Sources */,
				4DB23F161F1EEA8D00FA6BB6 /* main.m in Sources */,
			);
			runOnlyForDeploymentPostprocessing = 0;
		};
/* End PBXSourcesBuildPhase section */

/* Begin PBXVariantGroup section */
		4DB23F1D1F1EEA8D00FA6BB6 /* Main.storyboard */ = {
			isa = PBXVariantGroup;
			children = (
				4DB23F1E1F1EEA8D00FA6BB6 /* Base */,
			);
			name = Main.storyboard;
			sourceTree = "<group>";
		};
		4DB23F221F1EEA8D00FA6BB6 /* LaunchScreen.storyboard */ = {
			isa = PBXVariantGroup;
			children = (
				4DB23F231F1EEA8D00FA6BB6 /* Base */,
			);
			name = LaunchScreen.storyboard;
			sourceTree = "<group>";
		};
/* End PBXVariantGroup section */

/* Begin XCBuildConfiguration section */
		4DB23F261F1EEA8D00FA6BB6 /* Debug */ = {
			isa = XCBuildConfiguration;
			buildSettings = {
				ALWAYS_SEARCH_USER_PATHS = NO;
				CLANG_ANALYZER_NONNULL = YES;
				CLANG_ANALYZER_NUMBER_OBJECT_CONVERSION = YES_AGGRESSIVE;
				CLANG_CXX_LANGUAGE_STANDARD = "gnu++0x";
				CLANG_CXX_LIBRARY = "libc++";
				CLANG_ENABLE_MODULES = YES;
				CLANG_ENABLE_OBJC_ARC = YES;
				CLANG_WARN_BOOL_CONVERSION = YES;
				CLANG_WARN_CONSTANT_CONVERSION = YES;
				CLANG_WARN_DIRECT_OBJC_ISA_USAGE = YES_ERROR;
				CLANG_WARN_DOCUMENTATION_COMMENTS = YES;
				CLANG_WARN_EMPTY_BODY = YES;
				CLANG_WARN_ENUM_CONVERSION = YES;
				CLANG_WARN_INFINITE_RECURSION = YES;
				CLANG_WARN_INT_CONVERSION = YES;
				CLANG_WARN_OBJC_ROOT_CLASS = YES_ERROR;
				CLANG_WARN_SUSPICIOUS_MOVE = YES;
				CLANG_WARN_UNREACHABLE_CODE = YES;
				CLANG_WARN__DUPLICATE_METHOD_MATCH = YES;
				"CODE_SIGN_IDENTITY[sdk=iphoneos*]" = "iPhone Developer";
				COPY_PHASE_STRIP = NO;
				DEBUG_INFORMATION_FORMAT = dwarf;
				ENABLE_STRICT_OBJC_MSGSEND = YES;
				ENABLE_TESTABILITY = YES;
				GCC_C_LANGUAGE_STANDARD = gnu99;
				GCC_DYNAMIC_NO_PIC = NO;
				GCC_NO_COMMON_BLOCKS = YES;
				GCC_OPTIMIZATION_LEVEL = 0;
				GCC_PREPROCESSOR_DEFINITIONS = (
					"DEBUG=1",
					"$(inherited)",
				);
				GCC_WARN_64_TO_32_BIT_CONVERSION = YES;
				GCC_WARN_ABOUT_RETURN_TYPE = YES_ERROR;
				GCC_WARN_UNDECLARED_SELECTOR = YES;
				GCC_WARN_UNINITIALIZED_AUTOS = YES_AGGRESSIVE;
				GCC_WARN_UNUSED_FUNCTION = YES;
				GCC_WARN_UNUSED_VARIABLE = YES;
				IPHONEOS_DEPLOYMENT_TARGET = 10.3;
				MTL_ENABLE_DEBUG_INFO = YES;
				ONLY_ACTIVE_ARCH = YES;
				SDKROOT = iphoneos;
			};
			name = Debug;
		};
		4DB23F271F1EEA8D00FA6BB6 /* Release */ = {
			isa = XCBuildConfiguration;
			buildSettings = {
				ALWAYS_SEARCH_USER_PATHS = NO;
				CLANG_ANALYZER_NONNULL = YES;
				CLANG_ANALYZER_NUMBER_OBJECT_CONVERSION = YES_AGGRESSIVE;
				CLANG_CXX_LANGUAGE_STANDARD = "gnu++0x";
				CLANG_CXX_LIBRARY = "libc++";
				CLANG_ENABLE_MODULES = YES;
				CLANG_ENABLE_OBJC_ARC = YES;
				CLANG_WARN_BOOL_CONVERSION = YES;
				CLANG_WARN_CONSTANT_CONVERSION = YES;
				CLANG_WARN_DIRECT_OBJC_ISA_USAGE = YES_ERROR;
				CLANG_WARN_DOCUMENTATION_COMMENTS = YES;
				CLANG_WARN_EMPTY_BODY = YES;
				CLANG_WARN_ENUM_CONVERSION = YES;
				CLANG_WARN_INFINITE_RECURSION = YES;
				CLANG_WARN_INT_CONVERSION = YES;
				CLANG_WARN_OBJC_ROOT_CLASS = YES_ERROR;
				CLANG_WARN_SUSPICIOUS_MOVE = YES;
				CLANG_WARN_UNREACHABLE_CODE = YES;
				CLANG_WARN__DUPLICATE_METHOD_MATCH = YES;
				"CODE_SIGN_IDENTITY[sdk=iphoneos*]" = "iPhone Developer";
				COPY_PHASE_STRIP = NO;
				DEBUG_INFORMATION_FORMAT = "dwarf-with-dsym";
				ENABLE_NS_ASSERTIONS = NO;
				ENABLE_STRICT_OBJC_MSGSEND = YES;
				GCC_C_LANGUAGE_STANDARD = gnu99;
				GCC_NO_COMMON_BLOCKS = YES;
				GCC_WARN_64_TO_32_BIT_CONVERSION = YES;
				GCC_WARN_ABOUT_RETURN_TYPE = YES_ERROR;
				GCC_WARN_UNDECLARED_SELECTOR = YES;
				GCC_WARN_UNINITIALIZED_AUTOS = YES_AGGRESSIVE;
				GCC_WARN_UNUSED_FUNCTION = YES;
				GCC_WARN_UNUSED_VARIABLE = YES;
				IPHONEOS_DEPLOYMENT_TARGET = 10.3;
				MTL_ENABLE_DEBUG_INFO = NO;
				SDKROOT = iphoneos;
				VALIDATE_PRODUCT = YES;
			};
			name = Release;
		};
		4DB23F291F1EEA8D00FA6BB6 /* Debug */ = {
			isa = XCBuildConfiguration;
			buildSettings = {
				ASSETCATALOG_COMPILER_APPICON_NAME = AppIcon;
				INFOPLIST_FILE = HookSystemCode/Info.plist;
				LD_RUNPATH_SEARCH_PATHS = "$(inherited) @executable_path/Frameworks";
				PRODUCT_BUNDLE_IDENTIFIER = com.hundsun.HookSystemCode;
				PRODUCT_NAME = "$(TARGET_NAME)";
			};
			name = Debug;
		};
		4DB23F2A1F1EEA8D00FA6BB6 /* Release */ = {
			isa = XCBuildConfiguration;
			buildSettings = {
				ASSETCATALOG_COMPILER_APPICON_NAME = AppIcon;
				INFOPLIST_FILE = HookSystemCode/Info.plist;
				LD_RUNPATH_SEARCH_PATHS = "$(inherited) @executable_path/Frameworks";
				PRODUCT_BUNDLE_IDENTIFIER = com.hundsun.HookSystemCode;
				PRODUCT_NAME = "$(TARGET_NAME)";
			};
			name = Release;
		};
/* End XCBuildConfiguration section */

/* Begin XCConfigurationList section */
		4DB23F0C1F1EEA8D00FA6BB6 /* Build configuration list for PBXProject "HookSystemCode" */ = {
			isa = XCConfigurationList;
			buildConfigurations = (
				4DB23F261F1EEA8D00FA6BB6 /* Debug */,
				4DB23F271F1EEA8D00FA6BB6 /* Release */,
			);
			defaultConfigurationIsVisible = 0;
			defaultConfigurationName = Release;
		};
		4DB23F281F1EEA8D00FA6BB6 /* Build configuration list for PBXNativeTarget "HookSystemCode" */ = {
			isa = XCConfigurationList;
			buildConfigurations = (
				4DB23F291F1EEA8D00FA6BB6 /* Debug */,
				4DB23F2A1F1EEA8D00FA6BB6 /* Release */,
			);
			defaultConfigurationIsVisible = 0;
		};
/* End XCConfigurationList section */
	};
	rootObject = 4DB23F091F1EEA8D00FA6BB6 /* Project object */;
}
